
Microsoft Visual Studio Solution File, Format Version 12.00
# Visual Studio 15
VisualStudioVersion = 15.0.27428.2002
MinimumVisualStudioVersion = 10.0.40219.1
Project("{FAE04EC0-301F-11D3-BF4B-00C04F79EFBC}") = "ABVWebApi", "ABVWebApi\ABVWebApi.csproj", "{98B8F228-F1CC-410F-B875-90D5F1999B1A}"
EndProject
Project("{FAE04EC0-301F-11D3-BF4B-00C04F79EFBC}") = "ABVWebApi.Tests", "ABVWebApi.Tests\ABVWebApi.Tests.csproj", "{742611BD-9DCA-43B4-A056-29893926CB2E}"
EndProject
Global
	GlobalSection(SolutionConfigurationPlatforms) = preSolution
		Debug|Any CPU = Debug|Any CPU
		Release|Any CPU = Release|Any CPU
	EndGlobalSection
	GlobalSection(ProjectConfigurationPlatforms) = postSolution
		{98B8F228-F1CC-410F-B875-90D5F1999B1A}.Debug|Any CPU.ActiveCfg = Debug|Any CPU
		{98B8F228-F1CC-410F-B875-90D5F1999B1A}.Debug|Any CPU.Build.0 = Debug|Any CPU
		{98B8F228-F1CC-410F-B875-90D5F1999B1A}.Release|Any CPU.ActiveCfg = Release|Any CPU
		{98B8F228-F1CC-410F-B875-90D5F1999B1A}.Release|Any CPU.Build.0 = Release|Any CPU
		{742611BD-9DCA-43B4-A056-29893926CB2E}.Debug|Any CPU.ActiveCfg = Debug|Any CPU
		{742611BD-9DCA-43B4-A056-29893926CB2E}.Debug|Any CPU.Build.0 = Debug|Any CPU
		{742611BD-9DCA-43B4-A056-29893926CB2E}.Release|Any CPU.ActiveCfg = Release|Any CPU
		{742611BD-9DCA-43B4-A056-29893926CB2E}.Release|Any CPU.Build.0 = Release|Any CPU
	EndGlobalSection
	GlobalSection(SolutionProperties) = preSolution
		HideSolutionNode = FALSE
	EndGlobalSection
	GlobalSection(ExtensibilityGlobals) = postSolution
		SolutionGuid = {EEE99A5E-C7B2-4ABF-B9F4-33F5C3315FCA}
	EndGlobalSection
EndGlobal
